// !$*UTF8*$!
{
	archiveVersion = 1;
	classes = {
	};
	objectVersion = 77;
	objects = {

/* Begin PBXBuildFile section */
		458401572DE4F2670057EA25 /* horoscopes.json in Resources */ = {isa = PBXBuildFile; fileRef = 458401562DE4F2670057EA25 /* horoscopes.json */; };
/* End PBXBuildFile section */

/* Begin PBXContainerItemProxy section */
		458401182DE31DE20057EA25 /* PBXContainerItemProxy */ = {
			isa = PBXContainerItemProxy;
			containerPortal = 458401022DE31DE00057EA25 /* Project object */;
			proxyType = 1;
			remoteGlobalIDString = 458401092DE31DE00057EA25;
			remoteInfo = Horoscopes;
		};
		458401222DE31DE20057EA25 /* PBXContainerItemProxy */ = {
			isa = PBXContainerItemProxy;
			containerPortal = 458401022DE31DE00057EA25 /* Project object */;
			proxyType = 1;
			remoteGlobalIDString = 458401092DE31DE00057EA25;
			remoteInfo = Horoscopes;
		};
/* End PBXContainerItemProxy section */

/* Begin PBXFileReference section */
		4584010A2DE31DE00057EA25 /* Horoscopes.app */ = {isa = PBXFileReference; explicitFileType = wrapper.application; includeInIndex = 0; path = Horoscopes.app; sourceTree = BUILT_PRODUCTS_DIR; };
		458401172DE31DE20057EA25 /* HoroscopesTests.xctest */ = {isa = PBXFileReference; explicitFileType = wrapper.cfbundle; includeInIndex = 0; path = HoroscopesTests.xctest; sourceTree = BUILT_PRODUCTS_DIR; };
		458401212DE31DE20057EA25 /* HoroscopesUITests.xctest */ = {isa = PBXFileReference; explicitFileType = wrapper.cfbundle; includeInIndex = 0; path = HoroscopesUITests.xctest; sourceTree = BUILT_PRODUCTS_DIR; };
		458401562DE4F2670057EA25 /* horoscopes.json */ = {isa = PBXFileReference; lastKnownFileType = text.json; path = horoscopes.json; sourceTree = "<group>"; };
/* End PBXFileReference section */

/* Begin PBXFileSystemSynchronizedRootGroup section */
		4584010C2DE31DE00057EA25 /* Horoscopes */ = {
			isa = PBXFileSystemSynchronizedRootGroup;
			path = Horoscopes;
			sourceTree = "<group>";
		};
		4584011A2DE31DE20057EA25 /* HoroscopesTests */ = {
			isa = PBXFileSystemSynchronizedRootGroup;
			path = HoroscopesTests;
			sourceTree = "<group>";
		};
		458401242DE31DE20057EA25 /* HoroscopesUITests */ = {
			isa = PBXFileSystemSynchronizedRootGroup;
			path = HoroscopesUITests;
			sourceTree = "<group>";
		};
/* End PBXFileSystemSynchronizedRootGroup section */

/* Begin PBXFrameworksBuildPhase section */
		458401072DE31DE00057EA25 /* Frameworks */ = {
			isa = PBXFrameworksBuildPhase;
			buildActionMask = 2147483647;
			files = (
			);
			runOnlyForDeploymentPostprocessing = 0;
		};
		458401142DE31DE20057EA25 /* Frameworks */ = {
			isa = PBXFrameworksBuildPhase;
			buildActionMask = 2147483647;
			files = (
			);
			runOnlyForDeploymentPostprocessing = 0;
		};
		4584011E2DE31DE20057EA25 /* Frameworks */ = {
			isa = PBXFrameworksBuildPhase;
			buildActionMask = 2147483647;
			files = (
			);
			runOnlyForDeploymentPostprocessing = 0;
		};
/* End PBXFrameworksBuildPhase section */

/* Begin PBXGroup section */
		458401012DE31DE00057EA25 = {
			isa = PBXGroup;
			children = (
				458401562DE4F2670057EA25 /* horoscopes.json */,
				4584010C2DE31DE00057EA25 /* Horoscopes */,
				4584011A2DE31DE20057EA25 /* HoroscopesTests */,
				458401242DE31DE20057EA25 /* HoroscopesUITests */,
				4584010B2DE31DE00057EA25 /* Products */,
			);
			sourceTree = "<group>";
		};
		4584010B2DE31DE00057EA25 /* Products */ = {
			isa = PBXGroup;
			children = (
				4584010A2DE31DE00057EA25 /* Horoscopes.app */,
				458401172DE31DE20057EA25 /* HoroscopesTests.xctest */,
				458401212DE31DE20057EA25 /* HoroscopesUITests.xctest */,
			);
			name = Products;
			sourceTree = "<group>";
		};
/* End PBXGroup section */

/* Begin PBXNativeTarget section */
		458401092DE31DE00057EA25 /* Horoscopes */ = {
			isa = PBXNativeTarget;
			buildConfigurationList = 4584012B2DE31DE20057EA25 /* Build configuration list for PBXNativeTarget "Horoscopes" */;
			buildPhases = (
				458401062DE31DE00057EA25 /* Sources */,
				458401072DE31DE00057EA25 /* Frameworks */,
				458401082DE31DE00057EA25 /* Resources */,
			);
			buildRules = (
			);
			dependencies = (
			);
			fileSystemSynchronizedGroups = (
				4584010C2DE31DE00057EA25 /* Horoscopes */,
			);
			name = Horoscopes;
			packageProductDependencies = (
			);
			productName = Horoscopes;
			productReference = 4584010A2DE31DE00057EA25 /* Horoscopes.app */;
			productType = "com.apple.product-type.application";
		};
		458401162DE31DE20057EA25 /* HoroscopesTests */ = {
			isa = PBXNativeTarget;
			buildConfigurationList = 4584012E2DE31DE20057EA25 /* Build configuration list for PBXNativeTarget "HoroscopesTests" */;
			buildPhases = (
				458401132DE31DE20057EA25 /* Sources */,
				458401142DE31DE20057EA25 /* Frameworks */,
				458401152DE31DE20057EA25 /* Resources */,
			);
			buildRules = (
			);
			dependencies = (
				458401192DE31DE20057EA25 /* PBXTargetDependency */,
			);
			fileSystemSynchronizedGroups = (
				4584011A2DE31DE20057EA25 /* HoroscopesTests */,
			);
			name = HoroscopesTests;
			packageProductDependencies = (
			);
			productName = HoroscopesTests;
			productReference = 458401172DE31DE20057EA25 /* HoroscopesTests.xctest */;
			productType = "com.apple.product-type.bundle.unit-test";
		};
		458401202DE31DE20057EA25 /* HoroscopesUITests */ = {
			isa = PBXNativeTarget;
			buildConfigurationList = 458401312DE31DE20057EA25 /* Build configuration list for PBXNativeTarget "HoroscopesUITests" */;
			buildPhases = (
				4584011D2DE31DE20057EA25 /* Sources */,
				4584011E2DE31DE20057EA25 /* Frameworks */,
				4584011F2DE31DE20057EA25 /* Resources */,
			);
			buildRules = (
			);
			dependencies = (
				458401232DE31DE20057EA25 /* PBXTargetDependency */,
			);
			fileSystemSynchronizedGroups = (
				458401242DE31DE20057EA25 /* HoroscopesUITests */,
			);
			name = HoroscopesUITests;
			packageProductDependencies = (
			);
			productName = HoroscopesUITests;
			productReference = 458401212DE31DE20057EA25 /* HoroscopesUITests.xctest */;
			productType = "com.apple.product-type.bundle.ui-testing";
		};
/* End PBXNativeTarget section */

/* Begin PBXProject section */
		458401022DE31DE00057EA25 /* Project object */ = {
			isa = PBXProject;
			attributes = {
				BuildIndependentTargetsInParallel = 1;
				LastSwiftUpdateCheck = 1630;
				LastUpgradeCheck = 1630;
				TargetAttributes = {
					458401092DE31DE00057EA25 = {
						CreatedOnToolsVersion = 16.3;
					};
					458401162DE31DE20057EA25 = {
						CreatedOnToolsVersion = 16.3;
						TestTargetID = 458401092DE31DE00057EA25;
					};
					458401202DE31DE20057EA25 = {
						CreatedOnToolsVersion = 16.3;
						TestTargetID = 458401092DE31DE00057EA25;
					};
				};
			};
			buildConfigurationList = 458401052DE31DE00057EA25 /* Build configuration list for PBXProject "Horoscopes" */;
			developmentRegion = en;
			hasScannedForEncodings = 0;
			knownRegions = (
				en,
				Base,
			);
			mainGroup = 458401012DE31DE00057EA25;
			minimizedProjectReferenceProxies = 1;
			preferredProjectObjectVersion = 77;
			productRefGroup = 4584010B2DE31DE00057EA25 /* Products */;
			projectDirPath = "";
			projectRoot = "";
			targets = (
				458401092DE31DE00057EA25 /* Horoscopes */,
				458401162DE31DE20057EA25 /* HoroscopesTests */,
				458401202DE31DE20057EA25 /* HoroscopesUITests */,
			);
		};
/* End PBXProject section */

/* Begin PBXResourcesBuildPhase section */
		458401082DE31DE00057EA25 /* Resources */ = {
			isa = PBXResourcesBuildPhase;
			buildActionMask = 2147483647;
			files = (
				458401572DE4F2670057EA25 /* horoscopes.json in Resources */,
			);
			runOnlyForDeploymentPostprocessing = 0;
		};
		458401152DE31DE20057EA25 /* Resources */ = {
			isa = PBXResourcesBuildPhase;
			buildActionMask = 2147483647;
			files = (
			);
			runOnlyForDeploymentPostprocessing = 0;
		};
		4584011F2DE31DE20057EA25 /* Resources */ = {
			isa = PBXResourcesBuildPhase;
			buildActionMask = 2147483647;
			files = (
			);
			runOnlyForDeploymentPostprocessing = 0;
		};
/* End PBXResourcesBuildPhase section */

/* Begin PBXSourcesBuildPhase section */
		458401062DE31DE00057EA25 /* Sources */ = {
			isa = PBXSourcesBuildPhase;
			buildActionMask = 2147483647;
			files = (
			);
			runOnlyForDeploymentPostprocessing = 0;
		};
		458401132DE31DE20057EA25 /* Sources */ = {
			isa = PBXSourcesBuildPhase;
			buildActionMask = 2147483647;
			files = (
			);
			runOnlyForDeploymentPostprocessing = 0;
		};
		4584011D2DE31DE20057EA25 /* Sources */ = {
			isa = PBXSourcesBuildPhase;
			buildActionMask = 2147483647;
			files = (
			);
			runOnlyForDeploymentPostprocessing = 0;
		};
/* End PBXSourcesBuildPhase section */

/* Begin PBXTargetDependency section */
		458401192DE31DE20057EA25 /* PBXTargetDependency */ = {
			isa = PBXTargetDependency;
			target = 458401092DE31DE00057EA25 /* Horoscopes */;
			targetProxy = 458401182DE31DE20057EA25 /* PBXContainerItemProxy */;
		};
		458401232DE31DE20057EA25 /* PBXTargetDependency */ = {
			isa = PBXTargetDependency;
			target = 458401092DE31DE00057EA25 /* Horoscopes */;
			targetProxy = 458401222DE31DE20057EA25 /* PBXContainerItemProxy */;
		};
/* End PBXTargetDependency section */

/* Begin XCBuildConfiguration section */
		458401292DE31DE20057EA25 /* Debug */ = {
			isa = XCBuildConfiguration;
			buildSettings = {
				ALWAYS_SEARCH_USER_PATHS = NO;
				ASSETCATALOG_COMPILER_GENERATE_SWIFT_ASSET_SYMBOL_EXTENSIONS = YES;
				CLANG_ANALYZER_NONNULL = YES;
				CLANG_ANALYZER_NUMBER_OBJECT_CONVERSION = YES_AGGRESSIVE;
				CLANG_CXX_LANGUAGE_STANDARD = "gnu++20";
				CLANG_ENABLE_MODULES = YES;
				CLANG_ENABLE_OBJC_ARC = YES;
				CLANG_ENABLE_OBJC_WEAK = YES;
				CLANG_WARN_BLOCK_CAPTURE_AUTORELEASING = YES;
				CLANG_WARN_BOOL_CONVERSION = YES;
				CLANG_WARN_COMMA = YES;
				CLANG_WARN_CONSTANT_CONVERSION = YES;
				CLANG_WARN_DEPRECATED_OBJC_IMPLEMENTATIONS = YES;
				CLANG_WARN_DIRECT_OBJC_ISA_USAGE = YES_ERROR;
				CLANG_WARN_DOCUMENTATION_COMMENTS = YES;
				CLANG_WARN_EMPTY_BODY = YES;
				CLANG_WARN_ENUM_CONVERSION = YES;
				CLANG_WARN_INFINITE_RECURSION = YES;
				CLANG_WARN_INT_CONVERSION = YES;
				CLANG_WARN_NON_LITERAL_NULL_CONVERSION = YES;
				CLANG_WARN_OBJC_IMPLICIT_RETAIN_SELF = YES;
				CLANG_WARN_OBJC_LITERAL_CONVERSION = YES;
				CLANG_WARN_OBJC_ROOT_CLASS = YES_ERROR;
				CLANG_WARN_QUOTED_INCLUDE_IN_FRAMEWORK_HEADER = YES;
				CLANG_WARN_RANGE_LOOP_ANALYSIS = YES;
				CLANG_WARN_STRICT_PROTOTYPES = YES;
				CLANG_WARN_SUSPICIOUS_MOVE = YES;
				CLANG_WARN_UNGUARDED_AVAILABILITY = YES_AGGRESSIVE;
				CLANG_WARN_UNREACHABLE_CODE = YES;
				CLANG_WARN__DUPLICATE_METHOD_MATCH = YES;
				COPY_PHASE_STRIP = NO;
				DEBUG_INFORMATION_FORMAT = dwarf;
				ENABLE_STRICT_OBJC_MSGSEND = YES;
				ENABLE_TESTABILITY = YES;
				ENABLE_USER_SCRIPT_SANDBOXING = YES;
				GCC_C_LANGUAGE_STANDARD = gnu17;
				GCC_DYNAMIC_NO_PIC = NO;
				GCC_NO_COMMON_BLOCKS = YES;
				GCC_OPTIMIZATION_LEVEL = 0;
				GCC_PREPROCESSOR_DEFINITIONS = (
					"DEBUG=1",
					"$(inherited)",
				);
				GCC_WARN_64_TO_32_BIT_CONVERSION = YES;
				GCC_WARN_ABOUT_RETURN_TYPE = YES_ERROR;
				GCC_WARN_UNDECLARED_SELECTOR = YES;
				GCC_WARN_UNINITIALIZED_AUTOS = YES_AGGRESSIVE;
				GCC_WARN_UNUSED_FUNCTION = YES;
				GCC_WARN_UNUSED_VARIABLE = YES;
				IPHONEOS_DEPLOYMENT_TARGET = 18.4;
				LOCALIZATION_PREFERS_STRING_CATALOGS = YES;
				MTL_ENABLE_DEBUG_INFO = INCLUDE_SOURCE;
				MTL_FAST_MATH = YES;
				ONLY_ACTIVE_ARCH = YES;
				SDKROOT = iphoneos;
				SWIFT_ACTIVE_COMPILATION_CONDITIONS = "DEBUG $(inherited)";
				SWIFT_OPTIMIZATION_LEVEL = "-Onone";
			};
			name = Debug;
		};
		4584012A2DE31DE20057EA25 /* Release */ = {
			isa = XCBuildConfiguration;
			buildSettings = {
				ALWAYS_SEARCH_USER_PATHS = NO;
				ASSETCATALOG_COMPILER_GENERATE_SWIFT_ASSET_SYMBOL_EXTENSIONS = YES;
				CLANG_ANALYZER_NONNULL = YES;
				CLANG_ANALYZER_NUMBER_OBJECT_CONVERSION = YES_AGGRESSIVE;
				CLANG_CXX_LANGUAGE_STANDARD = "gnu++20";
				CLANG_ENABLE_MODULES = YES;
				CLANG_ENABLE_OBJC_ARC = YES;
				CLANG_ENABLE_OBJC_WEAK = YES;
				CLANG_WARN_BLOCK_CAPTURE_AUTORELEASING = YES;
				CLANG_WARN_BOOL_CONVERSION = YES;
				CLANG_WARN_COMMA = YES;
				CLANG_WARN_CONSTANT_CONVERSION = YES;
				CLANG_WARN_DEPRECATED_OBJC_IMPLEMENTATIONS = YES;
				CLANG_WARN_DIRECT_OBJC_ISA_USAGE = YES_ERROR;
				CLANG_WARN_DOCUMENTATION_COMMENTS = YES;
				CLANG_WARN_EMPTY_BODY = YES;
				CLANG_WARN_ENUM_CONVERSION = YES;
				CLANG_WARN_INFINITE_RECURSION = YES;
				CLANG_WARN_INT_CONVERSION = YES;
				CLANG_WARN_NON_LITERAL_NULL_CONVERSION = YES;
				CLANG_WARN_OBJC_IMPLICIT_RETAIN_SELF = YES;
				CLANG_WARN_OBJC_LITERAL_CONVERSION = YES;
				CLANG_WARN_OBJC_ROOT_CLASS = YES_ERROR;
				CLANG_WARN_QUOTED_INCLUDE_IN_FRAMEWORK_HEADER = YES;
				CLANG_WARN_RANGE_LOOP_ANALYSIS = YES;
				CLANG_WARN_STRICT_PROTOTYPES = YES;
				CLANG_WARN_SUSPICIOUS_MOVE = YES;
				CLANG_WARN_UNGUARDED_AVAILABILITY = YES_AGGRESSIVE;
				CLANG_WARN_UNREACHABLE_CODE = YES;
				CLANG_WARN__DUPLICATE_METHOD_MATCH = YES;
				COPY_PHASE_STRIP = NO;
				DEBUG_INFORMATION_FORMAT = "dwarf-with-dsym";
				ENABLE_NS_ASSERTIONS = NO;
				ENABLE_STRICT_OBJC_MSGSEND = YES;
				ENABLE_USER_SCRIPT_SANDBOXING = YES;
				GCC_C_LANGUAGE_STANDARD = gnu17;
				GCC_NO_COMMON_BLOCKS = YES;
				GCC_WARN_64_TO_32_BIT_CONVERSION = YES;
				GCC_WARN_ABOUT_RETURN_TYPE = YES_ERROR;
				GCC_WARN_UNDECLARED_SELECTOR = YES;
				GCC_WARN_UNINITIALIZED_AUTOS = YES_AGGRESSIVE;
				GCC_WARN_UNUSED_FUNCTION = YES;
				GCC_WARN_UNUSED_VARIABLE = YES;
				IPHONEOS_DEPLOYMENT_TARGET = 18.4;
				LOCALIZATION_PREFERS_STRING_CATALOGS = YES;
				MTL_ENABLE_DEBUG_INFO = NO;
				MTL_FAST_MATH = YES;
				SDKROOT = iphoneos;
				SWIFT_COMPILATION_MODE = wholemodule;
				VALIDATE_PRODUCT = YES;
			};
			name = Release;
		};
		4584012C2DE31DE20057EA25 /* Debug */ = {
			isa = XCBuildConfiguration;
			buildSettings = {
				ASSETCATALOG_COMPILER_APPICON_NAME = AppIcon;
				ASSETCATALOG_COMPILER_GLOBAL_ACCENT_COLOR_NAME = AccentColor;
				CODE_SIGN_STYLE = Automatic;
				CURRENT_PROJECT_VERSION = 1;
				ENABLE_PREVIEWS = YES;
				GENERATE_INFOPLIST_FILE = YES;
				INFOPLIST_KEY_UIApplicationSceneManifest_Generation = YES;
				INFOPLIST_KEY_UIApplicationSupportsIndirectInputEvents = YES;
				INFOPLIST_KEY_UILaunchScreen_Generation = YES;
				INFOPLIST_KEY_UISupportedInterfaceOrientations_iPad = "UIInterfaceOrientationPortrait UIInterfaceOrientationPortraitUpsideDown UIInterfaceOrientationLandscapeLeft UIInterfaceOrientationLandscapeRight";
				INFOPLIST_KEY_UISupportedInterfaceOrientations_iPhone = "UIInterfaceOrientationPortrait UIInterfaceOrientationLandscapeLeft UIInterfaceOrientationLandscapeRight";
				LD_RUNPATH_SEARCH_PATHS = (
					"$(inherited)",
					"@executable_path/Frameworks",
				);
				MARKETING_VERSION = 1.0;
				PRODUCT_BUNDLE_IDENTIFIER = tech.michealwitha.Horoscopes;
				PRODUCT_NAME = "$(TARGET_NAME)";
				SWIFT_EMIT_LOC_STRINGS = YES;
				SWIFT_VERSION = 5.0;
				TARGETED_DEVICE_FAMILY = "1,2";
			};
			name = Debug;
		};
		4584012D2DE31DE20057EA25 /* Release */ = {
			isa = XCBuildConfiguration;
			buildSettings = {
				ASSETCATALOG_COMPILER_APPICON_NAME = AppIcon;
				ASSETCATALOG_COMPILER_GLOBAL_ACCENT_COLOR_NAME = AccentColor;
				CODE_SIGN_STYLE = Automatic;
				CURRENT_PROJECT_VERSION = 1;
				ENABLE_PREVIEWS = YES;
				GENERATE_INFOPLIST_FILE = YES;
				INFOPLIST_KEY_UIApplicationSceneManifest_Generation = YES;
				INFOPLIST_KEY_UIApplicationSupportsIndirectInputEvents = YES;
				INFOPLIST_KEY_UILaunchScreen_Generation = YES;
				INFOPLIST_KEY_UISupportedInterfaceOrientations_iPad = "UIInterfaceOrientationPortrait UIInterfaceOrientationPortraitUpsideDown UIInterfaceOrientationLandscapeLeft UIInterfaceOrientationLandscapeRight";
				INFOPLIST_KEY_UISupportedInterfaceOrientations_iPhone = "UIInterfaceOrientationPortrait UIInterfaceOrientationLandscapeLeft UIInterfaceOrientationLandscapeRight";
				LD_RUNPATH_SEARCH_PATHS = (
					"$(inherited)",
					"@executable_path/Frameworks",
				);
				MARKETING_VERSION = 1.0;
				PRODUCT_BUNDLE_IDENTIFIER = tech.michealwitha.Horoscopes;
				PRODUCT_NAME = "$(TARGET_NAME)";
				SWIFT_EMIT_LOC_STRINGS = YES;
				SWIFT_VERSION = 5.0;
				TARGETED_DEVICE_FAMILY = "1,2";
			};
			name = Release;
		};
		4584012F2DE31DE20057EA25 /* Debug */ = {
			isa = XCBuildConfiguration;
			buildSettings = {
				BUNDLE_LOADER = "$(TEST_HOST)";
				CODE_SIGN_STYLE = Automatic;
				CURRENT_PROJECT_VERSION = 1;
				GENERATE_INFOPLIST_FILE = YES;
				IPHONEOS_DEPLOYMENT_TARGET = 18.4;
				MARKETING_VERSION = 1.0;
				PRODUCT_BUNDLE_IDENTIFIER = tech.michealwitha.HoroscopesTests;
				PRODUCT_NAME = "$(TARGET_NAME)";
				SWIFT_EMIT_LOC_STRINGS = NO;
				SWIFT_VERSION = 5.0;
				TARGETED_DEVICE_FAMILY = "1,2";
				TEST_HOST = "$(BUILT_PRODUCTS_DIR)/Horoscopes.app/$(BUNDLE_EXECUTABLE_FOLDER_PATH)/Horoscopes";
			};
			name = Debug;
		};
		458401302DE31DE20057EA25 /* Release */ = {
			isa = XCBuildConfiguration;
			buildSettings = {
				BUNDLE_LOADER = "$(TEST_HOST)";
				CODE_SIGN_STYLE = Automatic;
				CURRENT_PROJECT_VERSION = 1;
				GENERATE_INFOPLIST_FILE = YES;
				IPHONEOS_DEPLOYMENT_TARGET = 18.4;
				MARKETING_VERSION = 1.0;
				PRODUCT_BUNDLE_IDENTIFIER = tech.michealwitha.HoroscopesTests;
				PRODUCT_NAME = "$(TARGET_NAME)";
				SWIFT_EMIT_LOC_STRINGS = NO;
				SWIFT_VERSION = 5.0;
				TARGETED_DEVICE_FAMILY = "1,2";
				TEST_HOST = "$(BUILT_PRODUCTS_DIR)/Horoscopes.app/$(BUNDLE_EXECUTABLE_FOLDER_PATH)/Horoscopes";
			};
			name = Release;
		};
		458401322DE31DE20057EA25 /* Debug */ = {
			isa = XCBuildConfiguration;
			buildSettings = {
				CODE_SIGN_STYLE = Automatic;
				CURRENT_PROJECT_VERSION = 1;
				GENERATE_INFOPLIST_FILE = YES;
				MARKETING_VERSION = 1.0;
				PRODUCT_BUNDLE_IDENTIFIER = tech.michealwitha.HoroscopesUITests;
				PRODUCT_NAME = "$(TARGET_NAME)";
				SWIFT_EMIT_LOC_STRINGS = NO;
				SWIFT_VERSION = 5.0;
				TARGETED_DEVICE_FAMILY = "1,2";
				TEST_TARGET_NAME = Horoscopes;
			};
			name = Debug;
		};
		458401332DE31DE20057EA25 /* Release */ = {
			isa = XCBuildConfiguration;
			buildSettings = {
				CODE_SIGN_STYLE = Automatic;
				CURRENT_PROJECT_VERSION = 1;
				GENERATE_INFOPLIST_FILE = YES;
				MARKETING_VERSION = 1.0;
				PRODUCT_BUNDLE_IDENTIFIER = tech.michealwitha.HoroscopesUITests;
				PRODUCT_NAME = "$(TARGET_NAME)";
				SWIFT_EMIT_LOC_STRINGS = NO;
				SWIFT_VERSION = 5.0;
				TARGETED_DEVICE_FAMILY = "1,2";
				TEST_TARGET_NAME = Horoscopes;
			};
			name = Release;
		};
/* End XCBuildConfiguration section */

/* Begin XCConfigurationList section */
		458401052DE31DE00057EA25 /* Build configuration list for PBXProject "Horoscopes" */ = {
			isa = XCConfigurationList;
			buildConfigurations = (
				458401292DE31DE20057EA25 /* Debug */,
				4584012A2DE31DE20057EA25 /* Release */,
			);
			defaultConfigurationIsVisible = 0;
			defaultConfigurationName = Release;
		};
		4584012B2DE31DE20057EA25 /* Build configuration list for PBXNativeTarget "Horoscopes" */ = {
			isa = XCConfigurationList;
			buildConfigurations = (
				4584012C2DE31DE20057EA25 /* Debug */,
				4584012D2DE31DE20057EA25 /* Release */,
			);
			defaultConfigurationIsVisible = 0;
			defaultConfigurationName = Release;
		};
		4584012E2DE31DE20057EA25 /* Build configuration list for PBXNativeTarget "HoroscopesTests" */ = {
			isa = XCConfigurationList;
			buildConfigurations = (
				4584012F2DE31DE20057EA25 /* Debug */,
				458401302DE31DE20057EA25 /* Release */,
			);
			defaultConfigurationIsVisible = 0;
			defaultConfigurationName = Release;
		};
		458401312DE31DE20057EA25 /* Build configuration list for PBXNativeTarget "HoroscopesUITests" */ = {
			isa = XCConfigurationList;
			buildConfigurations = (
				458401322DE31DE20057EA25 /* Debug */,
				458401332DE31DE20057EA25 /* Release */,
			);
			defaultConfigurationIsVisible = 0;
			defaultConfigurationName = Release;
		};
/* End XCConfigurationList section */
	};
	rootObject = 458401022DE31DE00057EA25 /* Project object */;
}
